
Microsoft Visual Studio Solution File, Format Version 11.00
# Visual Studio 2010
Project("{8BC9CEB8-8B4A-11D0-8D11-00A0C91BC942}") = "vc-unitil", "vc-unitil\vc-unitil.vcxproj", "{FEABF1B1-C164-4476-93C3-4D3A0301098D}"
EndProject
Global
	GlobalSection(SolutionConfigurationPlatforms) = preSolution
		Debug|Win32 = Debug|Win32
		Release|Win32 = Release|Win32
	EndGlobalSection
	GlobalSection(ProjectConfigurationPlatforms) = postSolution
		{FEABF1B1-C164-4476-93C3-4D3A0301098D}.Debug|Win32.ActiveCfg = Debug|Win32
		{FEABF1B1-C164-4476-93C3-4D3A0301098D}.Debug|Win32.Build.0 = Debug|Win32
		{FEABF1B1-C164-4476-93C3-4D3A0301098D}.Release|Win32.ActiveCfg = Release|Win32
		{FEABF1B1-C164-4476-93C3-4D3A0301098D}.Release|Win32.Build.0 = Release|Win32
	EndGlobalSection
	GlobalSection(SolutionProperties) = preSolution
		HideSolutionNode = FALSE
	EndGlobalSection
EndGlobal
